
Microsoft Visual Studio Solution File, Format Version 12.00
# Visual Studio Version 17
VisualStudioVersion = 17.2.32526.322
MinimumVisualStudioVersion = 10.0.40219.1
Project("{9A19103F-16F7-4668-BE54-9A1E7A4F7556}") = "ModelViewerOpenTK", "ModelViewerOpenTK\ModelViewerOpenTK.csproj", "{E19D20E6-EC0B-4A27-933E-84D658B6678A}"
EndProject
Global
	GlobalSection(SolutionConfigurationPlatforms) = preSolution
		Debug|Any CPU = Debug|Any CPU
		Release|Any CPU = Release|Any CPU
	EndGlobalSection
	GlobalSection(ProjectConfigurationPlatforms) = postSolution
		{E19D20E6-EC0B-4A27-933E-84D658B6678A}.Debug|Any CPU.ActiveCfg = Debug|Any CPU
		{E19D20E6-EC0B-4A27-933E-84D658B6678A}.Debug|Any CPU.Build.0 = Debug|Any CPU
		{E19D20E6-EC0B-4A27-933E-84D658B6678A}.Release|Any CPU.ActiveCfg = Release|Any CPU
		{E19D20E6-EC0B-4A27-933E-84D658B6678A}.Release|Any CPU.Build.0 = Release|Any CPU
	EndGlobalSection
	GlobalSection(SolutionProperties) = preSolution
		HideSolutionNode = FALSE
	EndGlobalSection
	GlobalSection(ExtensibilityGlobals) = postSolution
		SolutionGuid = {4A15E171-2984-4F2A-ACDC-7FBF91FC0E16}
	EndGlobalSection
EndGlobal
